
Microsoft Visual Studio Solution File, Format Version 12.00
# Visual Studio Version 16
VisualStudioVersion = 16.0.30611.23
MinimumVisualStudioVersion = 10.0.40219.1
Project("{FAE04EC0-301F-11D3-BF4B-00C04F79EFBC}") = "banhang", "banhang.csproj", "{638968DB-2A37-4894-BA9C-1D32C4CD6A14}"
EndProject
Global
	GlobalSection(SolutionConfigurationPlatforms) = preSolution
		Debug|Any CPU = Debug|Any CPU
		Release|Any CPU = Release|Any CPU
	EndGlobalSection
	GlobalSection(ProjectConfigurationPlatforms) = postSolution
		{638968DB-2A37-4894-BA9C-1D32C4CD6A14}.Debug|Any CPU.ActiveCfg = Debug|Any CPU
		{638968DB-2A37-4894-BA9C-1D32C4CD6A14}.Debug|Any CPU.Build.0 = Debug|Any CPU
		{638968DB-2A37-4894-BA9C-1D32C4CD6A14}.Release|Any CPU.ActiveCfg = Release|Any CPU
		{638968DB-2A37-4894-BA9C-1D32C4CD6A14}.Release|Any CPU.Build.0 = Release|Any CPU
	EndGlobalSection
	GlobalSection(SolutionProperties) = preSolution
		HideSolutionNode = FALSE
	EndGlobalSection
	GlobalSection(ExtensibilityGlobals) = postSolution
		SolutionGuid = {F1CBA11B-81A6-4F95-9CE8-C9FF6B42DDF0}
	EndGlobalSection
EndGlobal
